{
  "pins" : [
    {
      "identity" : "quickzoomlib",
      "kind" : "remoteSourceControl",
      "location" : "https://github.com/galonsky/QuickzoomLib",
      "state" : {
        "revision" : "7db33d01ba8447f0b13e6a3418b4adabac2772ed",
        "version" : "0.0.2"
      }
    }
  ],
  "version" : 2
}
